
Microsoft Visual Studio Solution File, Format Version 12.00
# Visual Studio Version 16
VisualStudioVersion = 16.0.29306.81
MinimumVisualStudioVersion = 10.0.40219.1
Project("{FAE04EC0-301F-11D3-BF4B-00C04F79EFBC}") = "ProjektPaint", "ProjektPaint\ProjektPaint.csproj", "{FEB9B688-DE4F-41F9-8EC2-5176F3C505D9}"
EndProject
Global
	GlobalSection(SolutionConfigurationPlatforms) = preSolution
		Debug|Any CPU = Debug|Any CPU
		Release|Any CPU = Release|Any CPU
	EndGlobalSection
	GlobalSection(ProjectConfigurationPlatforms) = postSolution
		{FEB9B688-DE4F-41F9-8EC2-5176F3C505D9}.Debug|Any CPU.ActiveCfg = Debug|Any CPU
		{FEB9B688-DE4F-41F9-8EC2-5176F3C505D9}.Debug|Any CPU.Build.0 = Debug|Any CPU
		{FEB9B688-DE4F-41F9-8EC2-5176F3C505D9}.Release|Any CPU.ActiveCfg = Release|Any CPU
		{FEB9B688-DE4F-41F9-8EC2-5176F3C505D9}.Release|Any CPU.Build.0 = Release|Any CPU
	EndGlobalSection
	GlobalSection(SolutionProperties) = preSolution
		HideSolutionNode = FALSE
	EndGlobalSection
	GlobalSection(ExtensibilityGlobals) = postSolution
		SolutionGuid = {114A94F4-886E-4636-8E94-C6E5091D71C8}
	EndGlobalSection
EndGlobal
